
Microsoft Visual Studio Solution File, Format Version 12.00
# Visual Studio Version 16
VisualStudioVersion = 16.0.31005.135
MinimumVisualStudioVersion = 10.0.40219.1
Project("{FAE04EC0-301F-11D3-BF4B-00C04F79EFBC}") = "Virtual Library.UWP", "Virtual Library.UWP\Virtual Library.UWP.csproj", "{A9FE4476-783B-48A1-948D-520C8AF0DBF1}"
EndProject
Project("{FAE04EC0-301F-11D3-BF4B-00C04F79EFBC}") = "Virtual Library.Android", "Virtual Library.Android\Virtual Library.Android.csproj", "{43FBF98D-4AF0-4454-9A0E-DF34F54C7869}"
EndProject
Project("{FAE04EC0-301F-11D3-BF4B-00C04F79EFBC}") = "Virtual Library.iOS", "Virtual Library.iOS\Virtual Library.iOS.csproj", "{244A3D47-05DE-471D-BCDF-15592B0C7CD8}"
EndProject
Project("{FAE04EC0-301F-11D3-BF4B-00C04F79EFBC}") = "Virtual Library", "Virtual Library\Virtual Library.csproj", "{039D75D7-9436-4711-AB37-3C4B1834A002}"
EndProject
Global
	GlobalSection(SolutionConfigurationPlatforms) = preSolution
		Debug|Any CPU = Debug|Any CPU
		Debug|ARM = Debug|ARM
		Debug|iPhone = Debug|iPhone
		Debug|iPhoneSimulator = Debug|iPhoneSimulator
		Debug|x64 = Debug|x64
		Debug|x86 = Debug|x86
		Release|Any CPU = Release|Any CPU
		Release|ARM = Release|ARM
		Release|iPhone = Release|iPhone
		Release|iPhoneSimulator = Release|iPhoneSimulator
		Release|x64 = Release|x64
		Release|x86 = Release|x86
	EndGlobalSection
	GlobalSection(ProjectConfigurationPlatforms) = postSolution
		{A9FE4476-783B-48A1-948D-520C8AF0DBF1}.Debug|Any CPU.ActiveCfg = Debug|x86
		{A9FE4476-783B-48A1-948D-520C8AF0DBF1}.Debug|Any CPU.Build.0 = Debug|x86
		{A9FE4476-783B-48A1-948D-520C8AF0DBF1}.Debug|Any CPU.Deploy.0 = Debug|x86
		{A9FE4476-783B-48A1-948D-520C8AF0DBF1}.Debug|ARM.ActiveCfg = Debug|ARM
		{A9FE4476-783B-48A1-948D-520C8AF0DBF1}.Debug|ARM.Build.0 = Debug|ARM
		{A9FE4476-783B-48A1-948D-520C8AF0DBF1}.Debug|ARM.Deploy.0 = Debug|ARM
		{A9FE4476-783B-48A1-948D-520C8AF0DBF1}.Debug|iPhone.ActiveCfg = Debug|x86
		{A9FE4476-783B-48A1-948D-520C8AF0DBF1}.Debug|iPhone.Build.0 = Debug|x86
		{A9FE4476-783B-48A1-948D-520C8AF0DBF1}.Debug|iPhone.Deploy.0 = Debug|x86
		{A9FE4476-783B-48A1-948D-520C8AF0DBF1}.Debug|iPhoneSimulator.ActiveCfg = Debug|x86
		{A9FE4476-783B-48A1-948D-520C8AF0DBF1}.Debug|iPhoneSimulator.Build.0 = Debug|x86
		{A9FE4476-783B-48A1-948D-520C8AF0DBF1}.Debug|iPhoneSimulator.Deploy.0 = Debug|x86
		{A9FE4476-783B-48A1-948D-520C8AF0DBF1}.Debug|x64.ActiveCfg = Debug|x64
		{A9FE4476-783B-48A1-948D-520C8AF0DBF1}.Debug|x64.Build.0 = Debug|x64
		{A9FE4476-783B-48A1-948D-520C8AF0DBF1}.Debug|x64.Deploy.0 = Debug|x64
		{A9FE4476-783B-48A1-948D-520C8AF0DBF1}.Debug|x86.ActiveCfg = Debug|x86
		{A9FE4476-783B-48A1-948D-520C8AF0DBF1}.Debug|x86.Build.0 = Debug|x86
		{A9FE4476-783B-48A1-948D-520C8AF0DBF1}.Debug|x86.Deploy.0 = Debug|x86
		{A9FE4476-783B-48A1-948D-520C8AF0DBF1}.Release|Any CPU.ActiveCfg = Release|x86
		{A9FE4476-783B-48A1-948D-520C8AF0DBF1}.Release|Any CPU.Build.0 = Release|x86
		{A9FE4476-783B-48A1-948D-520C8AF0DBF1}.Release|Any CPU.Deploy.0 = Release|x86
		{A9FE4476-783B-48A1-948D-520C8AF0DBF1}.Release|ARM.ActiveCfg = Release|ARM
		{A9FE4476-783B-48A1-948D-520C8AF0DBF1}.Release|ARM.Build.0 = Release|ARM
		{A9FE4476-783B-48A1-948D-520C8AF0DBF1}.Release|ARM.Deploy.0 = Release|ARM
		{A9FE4476-783B-48A1-948D-520C8AF0DBF1}.Release|iPhone.ActiveCfg = Release|x86
		{A9FE4476-783B-48A1-948D-520C8AF0DBF1}.Release|iPhone.Build.0 = Release|x86
		{A9FE4476-783B-48A1-948D-520C8AF0DBF1}.Release|iPhone.Deploy.0 = Release|x86
		{A9FE4476-783B-48A1-948D-520C8AF0DBF1}.Release|iPhoneSimulator.ActiveCfg = Release|x86
		{A9FE4476-783B-48A1-948D-520C8AF0DBF1}.Release|iPhoneSimulator.Build.0 = Release|x86
		{A9FE4476-783B-48A1-948D-520C8AF0DBF1}.Release|iPhoneSimulator.Deploy.0 = Release|x86
		{A9FE4476-783B-48A1-948D-520C8AF0DBF1}.Release|x64.ActiveCfg = Release|x64
		{A9FE4476-783B-48A1-948D-520C8AF0DBF1}.Release|x64.Build.0 = Release|x64
		{A9FE4476-783B-48A1-948D-520C8AF0DBF1}.Release|x64.Deploy.0 = Release|x64
		{A9FE4476-783B-48A1-948D-520C8AF0DBF1}.Release|x86.ActiveCfg = Release|x86
		{A9FE4476-783B-48A1-948D-520C8AF0DBF1}.Release|x86.Build.0 = Release|x86
		{A9FE4476-783B-48A1-948D-520C8AF0DBF1}.Release|x86.Deploy.0 = Release|x86
		{43FBF98D-4AF0-4454-9A0E-DF34F54C7869}.Debug|Any CPU.ActiveCfg = Debug|Any CPU
		{43FBF98D-4AF0-4454-9A0E-DF34F54C7869}.Debug|Any CPU.Build.0 = Debug|Any CPU
		{43FBF98D-4AF0-4454-9A0E-DF34F54C7869}.Debug|Any CPU.Deploy.0 = Debug|Any CPU
		{43FBF98D-4AF0-4454-9A0E-DF34F54C7869}.Debug|ARM.ActiveCfg = Debug|Any CPU
		{43FBF98D-4AF0-4454-9A0E-DF34F54C7869}.Debug|ARM.Build.0 = Debug|Any CPU
		{43FBF98D-4AF0-4454-9A0E-DF34F54C7869}.Debug|ARM.Deploy.0 = Debug|Any CPU
		{43FBF98D-4AF0-4454-9A0E-DF34F54C7869}.Debug|iPhone.ActiveCfg = Debug|Any CPU
		{43FBF98D-4AF0-4454-9A0E-DF34F54C7869}.Debug|iPhone.Build.0 = Debug|Any CPU
		{43FBF98D-4AF0-4454-9A0E-DF34F54C7869}.Debug|iPhone.Deploy.0 = Debug|Any CPU
		{43FBF98D-4AF0-4454-9A0E-DF34F54C7869}.Debug|iPhoneSimulator.ActiveCfg = Debug|Any CPU
		{43FBF98D-4AF0-4454-9A0E-DF34F54C7869}.Debug|iPhoneSimulator.Build.0 = Debug|Any CPU
		{43FBF98D-4AF0-4454-9A0E-DF34F54C7869}.Debug|iPhoneSimulator.Deploy.0 = Debug|Any CPU
		{43FBF98D-4AF0-4454-9A0E-DF34F54C7869}.Debug|x64.ActiveCfg = Debug|Any CPU
		{43FBF98D-4AF0-4454-9A0E-DF34F54C7869}.Debug|x64.Build.0 = Debug|Any CPU
		{43FBF98D-4AF0-4454-9A0E-DF34F54C7869}.Debug|x64.Deploy.0 = Debug|Any CPU
		{43FBF98D-4AF0-4454-9A0E-DF34F54C7869}.Debug|x86.ActiveCfg = Debug|Any CPU
		{43FBF98D-4AF0-4454-9A0E-DF34F54C7869}.Debug|x86.Build.0 = Debug|Any CPU
		{43FBF98D-4AF0-4454-9A0E-DF34F54C7869}.Debug|x86.Deploy.0 = Debug|Any CPU
		{43FBF98D-4AF0-4454-9A0E-DF34F54C7869}.Release|Any CPU.ActiveCfg = Release|Any CPU
		{43FBF98D-4AF0-4454-9A0E-DF34F54C7869}.Release|Any CPU.Build.0 = Release|Any CPU
		{43FBF98D-4AF0-4454-9A0E-DF34F54C7869}.Release|Any CPU.Deploy.0 = Release|Any CPU
		{43FBF98D-4AF0-4454-9A0E-DF34F54C7869}.Release|ARM.ActiveCfg = Release|Any CPU
		{43FBF98D-4AF0-4454-9A0E-DF34F54C7869}.Release|ARM.Build.0 = Release|Any CPU
		{43FBF98D-4AF0-4454-9A0E-DF34F54C7869}.Release|ARM.Deploy.0 = Release|Any CPU
		{43FBF98D-4AF0-4454-9A0E-DF34F54C7869}.Release|iPhone.ActiveCfg = Release|Any CPU
		{43FBF98D-4AF0-4454-9A0E-DF34F54C7869}.Release|iPhone.Build.0 = Release|Any CPU
		{43FBF98D-4AF0-4454-9A0E-DF34F54C7869}.Release|iPhone.Deploy.0 = Release|Any CPU
		{43FBF98D-4AF0-4454-9A0E-DF34F54C7869}.Release|iPhoneSimulator.ActiveCfg = Release|Any CPU
		{43FBF98D-4AF0-4454-9A0E-DF34F54C7869}.Release|iPhoneSimulator.Build.0 = Release|Any CPU
		{43FBF98D-4AF0-4454-9A0E-DF34F54C7869}.Release|iPhoneSimulator.Deploy.0 = Release|Any CPU
		{43FBF98D-4AF0-4454-9A0E-DF34F54C7869}.Release|x64.ActiveCfg = Release|Any CPU
		{43FBF98D-4AF0-4454-9A0E-DF34F54C7869}.Release|x64.Build.0 = Release|Any CPU
		{43FBF98D-4AF0-4454-9A0E-DF34F54C7869}.Release|x64.Deploy.0 = Release|Any CPU
		{43FBF98D-4AF0-4454-9A0E-DF34F54C7869}.Release|x86.ActiveCfg = Release|Any CPU
		{43FBF98D-4AF0-4454-9A0E-DF34F54C7869}.Release|x86.Build.0 = Release|Any CPU
		{43FBF98D-4AF0-4454-9A0E-DF34F54C7869}.Release|x86.Deploy.0 = Release|Any CPU
		{244A3D47-05DE-471D-BCDF-15592B0C7CD8}.Debug|Any CPU.ActiveCfg = Debug|iPhoneSimulator
		{244A3D47-05DE-471D-BCDF-15592B0C7CD8}.Debug|Any CPU.Build.0 = Debug|iPhoneSimulator
		{244A3D47-05DE-471D-BCDF-15592B0C7CD8}.Debug|Any CPU.Deploy.0 = Debug|iPhoneSimulator
		{244A3D47-05DE-471D-BCDF-15592B0C7CD8}.Debug|ARM.ActiveCfg = Debug|iPhone
		{244A3D47-05DE-471D-BCDF-15592B0C7CD8}.Debug|ARM.Build.0 = Debug|iPhone
		{244A3D47-05DE-471D-BCDF-15592B0C7CD8}.Debug|ARM.Deploy.0 = Debug|iPhone
		{244A3D47-05DE-471D-BCDF-15592B0C7CD8}.Debug|iPhone.ActiveCfg = Debug|iPhone
		{244A3D47-05DE-471D-BCDF-15592B0C7CD8}.Debug|iPhone.Build.0 = Debug|iPhone
		{244A3D47-05DE-471D-BCDF-15592B0C7CD8}.Debug|iPhone.Deploy.0 = Debug|iPhone
		{244A3D47-05DE-471D-BCDF-15592B0C7CD8}.Debug|iPhoneSimulator.ActiveCfg = Debug|iPhoneSimulator
		{244A3D47-05DE-471D-BCDF-15592B0C7CD8}.Debug|iPhoneSimulator.Build.0 = Debug|iPhoneSimulator
		{244A3D47-05DE-471D-BCDF-15592B0C7CD8}.Debug|iPhoneSimulator.Deploy.0 = Debug|iPhoneSimulator
		{244A3D47-05DE-471D-BCDF-15592B0C7CD8}.Debug|x64.ActiveCfg = Debug|iPhoneSimulator
		{244A3D47-05DE-471D-BCDF-15592B0C7CD8}.Debug|x64.Build.0 = Debug|iPhoneSimulator
		{244A3D47-05DE-471D-BCDF-15592B0C7CD8}.Debug|x64.Deploy.0 = Debug|iPhoneSimulator
		{244A3D47-05DE-471D-BCDF-15592B0C7CD8}.Debug|x86.ActiveCfg = Debug|iPhoneSimulator
		{244A3D47-05DE-471D-BCDF-15592B0C7CD8}.Debug|x86.Build.0 = Debug|iPhoneSimulator
		{244A3D47-05DE-471D-BCDF-15592B0C7CD8}.Debug|x86.Deploy.0 = Debug|iPhoneSimulator
		{244A3D47-05DE-471D-BCDF-15592B0C7CD8}.Release|Any CPU.ActiveCfg = Release|iPhoneSimulator
		{244A3D47-05DE-471D-BCDF-15592B0C7CD8}.Release|Any CPU.Build.0 = Release|iPhoneSimulator
		{244A3D47-05DE-471D-BCDF-15592B0C7CD8}.Release|Any CPU.Deploy.0 = Release|iPhoneSimulator
		{244A3D47-05DE-471D-BCDF-15592B0C7CD8}.Release|ARM.ActiveCfg = Release|iPhoneSimulator
		{244A3D47-05DE-471D-BCDF-15592B0C7CD8}.Release|ARM.Build.0 = Release|iPhoneSimulator
		{244A3D47-05DE-471D-BCDF-15592B0C7CD8}.Release|ARM.Deploy.0 = Release|iPhoneSimulator
		{244A3D47-05DE-471D-BCDF-15592B0C7CD8}.Release|iPhone.ActiveCfg = Release|iPhone
		{244A3D47-05DE-471D-BCDF-15592B0C7CD8}.Release|iPhone.Build.0 = Release|iPhone
		{244A3D47-05DE-471D-BCDF-15592B0C7CD8}.Release|iPhone.Deploy.0 = Release|iPhone
		{244A3D47-05DE-471D-BCDF-15592B0C7CD8}.Release|iPhoneSimulator.ActiveCfg = Release|iPhoneSimulator
		{244A3D47-05DE-471D-BCDF-15592B0C7CD8}.Release|iPhoneSimulator.Build.0 = Release|iPhoneSimulator
		{244A3D47-05DE-471D-BCDF-15592B0C7CD8}.Release|iPhoneSimulator.Deploy.0 = Release|iPhoneSimulator
		{244A3D47-05DE-471D-BCDF-15592B0C7CD8}.Release|x64.ActiveCfg = Release|iPhoneSimulator
		{244A3D47-05DE-471D-BCDF-15592B0C7CD8}.Release|x64.Build.0 = Release|iPhoneSimulator
		{244A3D47-05DE-471D-BCDF-15592B0C7CD8}.Release|x64.Deploy.0 = Release|iPhoneSimulator
		{244A3D47-05DE-471D-BCDF-15592B0C7CD8}.Release|x86.ActiveCfg = Release|iPhoneSimulator
		{244A3D47-05DE-471D-BCDF-15592B0C7CD8}.Release|x86.Build.0 = Release|iPhoneSimulator
		{244A3D47-05DE-471D-BCDF-15592B0C7CD8}.Release|x86.Deploy.0 = Release|iPhoneSimulator
		{039D75D7-9436-4711-AB37-3C4B1834A002}.Debug|Any CPU.ActiveCfg = Debug|Any CPU
		{039D75D7-9436-4711-AB37-3C4B1834A002}.Debug|Any CPU.Build.0 = Debug|Any CPU
		{039D75D7-9436-4711-AB37-3C4B1834A002}.Debug|Any CPU.Deploy.0 = Debug|Any CPU
		{039D75D7-9436-4711-AB37-3C4B1834A002}.Debug|ARM.ActiveCfg = Debug|Any CPU
		{039D75D7-9436-4711-AB37-3C4B1834A002}.Debug|ARM.Build.0 = Debug|Any CPU
		{039D75D7-9436-4711-AB37-3C4B1834A002}.Debug|ARM.Deploy.0 = Debug|Any CPU
		{039D75D7-9436-4711-AB37-3C4B1834A002}.Debug|iPhone.ActiveCfg = Debug|Any CPU
		{039D75D7-9436-4711-AB37-3C4B1834A002}.Debug|iPhone.Build.0 = Debug|Any CPU
		{039D75D7-9436-4711-AB37-3C4B1834A002}.Debug|iPhone.Deploy.0 = Debug|Any CPU
		{039D75D7-9436-4711-AB37-3C4B1834A002}.Debug|iPhoneSimulator.ActiveCfg = Debug|Any CPU
		{039D75D7-9436-4711-AB37-3C4B1834A002}.Debug|iPhoneSimulator.Build.0 = Debug|Any CPU
		{039D75D7-9436-4711-AB37-3C4B1834A002}.Debug|iPhoneSimulator.Deploy.0 = Debug|Any CPU
		{039D75D7-9436-4711-AB37-3C4B1834A002}.Debug|x64.ActiveCfg = Debug|Any CPU
		{039D75D7-9436-4711-AB37-3C4B1834A002}.Debug|x64.Build.0 = Debug|Any CPU
		{039D75D7-9436-4711-AB37-3C4B1834A002}.Debug|x64.Deploy.0 = Debug|Any CPU
		{039D75D7-9436-4711-AB37-3C4B1834A002}.Debug|x86.ActiveCfg = Debug|Any CPU
		{039D75D7-9436-4711-AB37-3C4B1834A002}.Debug|x86.Build.0 = Debug|Any CPU
		{039D75D7-9436-4711-AB37-3C4B1834A002}.Debug|x86.Deploy.0 = Debug|Any CPU
		{039D75D7-9436-4711-AB37-3C4B1834A002}.Release|Any CPU.ActiveCfg = Release|Any CPU
		{039D75D7-9436-4711-AB37-3C4B1834A002}.Release|Any CPU.Build.0 = Release|Any CPU
		{039D75D7-9436-4711-AB37-3C4B1834A002}.Release|Any CPU.Deploy.0 = Release|Any CPU
		{039D75D7-9436-4711-AB37-3C4B1834A002}.Release|ARM.ActiveCfg = Release|Any CPU
		{039D75D7-9436-4711-AB37-3C4B1834A002}.Release|ARM.Build.0 = Release|Any CPU
		{039D75D7-9436-4711-AB37-3C4B1834A002}.Release|ARM.Deploy.0 = Release|Any CPU
		{039D75D7-9436-4711-AB37-3C4B1834A002}.Release|iPhone.ActiveCfg = Release|Any CPU
		{039D75D7-9436-4711-AB37-3C4B1834A002}.Release|iPhone.Build.0 = Release|Any CPU
		{039D75D7-9436-4711-AB37-3C4B1834A002}.Release|iPhone.Deploy.0 = Release|Any CPU
		{039D75D7-9436-4711-AB37-3C4B1834A002}.Release|iPhoneSimulator.ActiveCfg = Release|Any CPU
		{039D75D7-9436-4711-AB37-3C4B1834A002}.Release|iPhoneSimulator.Build.0 = Release|Any CPU
		{039D75D7-9436-4711-AB37-3C4B1834A002}.Release|iPhoneSimulator.Deploy.0 = Release|Any CPU
		{039D75D7-9436-4711-AB37-3C4B1834A002}.Release|x64.ActiveCfg = Release|Any CPU
		{039D75D7-9436-4711-AB37-3C4B1834A002}.Release|x64.Build.0 = Release|Any CPU
		{039D75D7-9436-4711-AB37-3C4B1834A002}.Release|x64.Deploy.0 = Release|Any CPU
		{039D75D7-9436-4711-AB37-3C4B1834A002}.Release|x86.ActiveCfg = Release|Any CPU
		{039D75D7-9436-4711-AB37-3C4B1834A002}.Release|x86.Build.0 = Release|Any CPU
		{039D75D7-9436-4711-AB37-3C4B1834A002}.Release|x86.Deploy.0 = Release|Any CPU
	EndGlobalSection
	GlobalSection(SolutionProperties) = preSolution
		HideSolutionNode = FALSE
	EndGlobalSection
	GlobalSection(ExtensibilityGlobals) = postSolution
		SolutionGuid = {D61051CC-F247-4F1C-AA20-9F93C4A4DE49}
	EndGlobalSection
EndGlobal
